
Microsoft Visual Studio Solution File, Format Version 12.00
# Visual Studio 14
VisualStudioVersion = 14.0.24720.0
MinimumVisualStudioVersion = 10.0.40219.1
Project("{FAE04EC0-301F-11D3-BF4B-00C04F79EFBC}") = "ExpressionTrees", "ExpressionTrees\ExpressionTrees.csproj", "{903B2EEA-4A5E-45B7-9B3C-BBFCCE1B248D}"
EndProject
Project("{FAE04EC0-301F-11D3-BF4B-00C04F79EFBC}") = "MembusWithRX", "MembusWithRX\MembusWithRX.csproj", "{412EB2B3-1E88-4ACB-B63C-7442DACCBBD2}"
EndProject
Project("{FAE04EC0-301F-11D3-BF4B-00C04F79EFBC}") = "IObservableNS", "IObservable\IObservableNS.csproj", "{F57A64D7-1788-4F08-B2A1-1EC526E04A97}"
EndProject
Project("{FAE04EC0-301F-11D3-BF4B-00C04F79EFBC}") = "ObserverPattern", "ObserverPattern\ObserverPattern.csproj", "{4BE6D02E-227B-4F65-A2F2-50348BFB74EB}"
EndProject
Project("{FAE04EC0-301F-11D3-BF4B-00C04F79EFBC}") = "ReadWebConfig", "ReadWebConfig\ReadWebConfig.csproj", "{8E4CDE87-3D48-4198-8F8F-8D97E7B4E94C}"
EndProject
Project("{FAE04EC0-301F-11D3-BF4B-00C04F79EFBC}") = "SafeExecuteFuncAsParam", "SafeExecuteFuncAsParam\SafeExecuteFuncAsParam.csproj", "{E86530DA-FCDF-495C-B4C3-259A3144EC7E}"
EndProject
Project("{FAE04EC0-301F-11D3-BF4B-00C04F79EFBC}") = "LinqTests", "LinqTests\LinqTests.csproj", "{3C64B420-3A33-4C76-A190-18FE4B9365B7}"
EndProject
Project("{FAE04EC0-301F-11D3-BF4B-00C04F79EFBC}") = "Swagger", "Swagger\Swagger.csproj", "{7B2626CD-A079-45A2-870F-4DCA670046EA}"
EndProject
Project("{FAE04EC0-301F-11D3-BF4B-00C04F79EFBC}") = "CSharp6", "CSharp6\CSharp6.csproj", "{332D83D2-2922-40F9-AC25-CA74644688E8}"
EndProject
Global
	GlobalSection(SolutionConfigurationPlatforms) = preSolution
		Debug|Any CPU = Debug|Any CPU
		Release|Any CPU = Release|Any CPU
	EndGlobalSection
	GlobalSection(ProjectConfigurationPlatforms) = postSolution
		{903B2EEA-4A5E-45B7-9B3C-BBFCCE1B248D}.Debug|Any CPU.ActiveCfg = Debug|Any CPU
		{903B2EEA-4A5E-45B7-9B3C-BBFCCE1B248D}.Debug|Any CPU.Build.0 = Debug|Any CPU
		{903B2EEA-4A5E-45B7-9B3C-BBFCCE1B248D}.Release|Any CPU.ActiveCfg = Release|Any CPU
		{903B2EEA-4A5E-45B7-9B3C-BBFCCE1B248D}.Release|Any CPU.Build.0 = Release|Any CPU
		{412EB2B3-1E88-4ACB-B63C-7442DACCBBD2}.Debug|Any CPU.ActiveCfg = Debug|Any CPU
		{412EB2B3-1E88-4ACB-B63C-7442DACCBBD2}.Debug|Any CPU.Build.0 = Debug|Any CPU
		{412EB2B3-1E88-4ACB-B63C-7442DACCBBD2}.Release|Any CPU.ActiveCfg = Release|Any CPU
		{412EB2B3-1E88-4ACB-B63C-7442DACCBBD2}.Release|Any CPU.Build.0 = Release|Any CPU
		{F57A64D7-1788-4F08-B2A1-1EC526E04A97}.Debug|Any CPU.ActiveCfg = Debug|Any CPU
		{F57A64D7-1788-4F08-B2A1-1EC526E04A97}.Debug|Any CPU.Build.0 = Debug|Any CPU
		{F57A64D7-1788-4F08-B2A1-1EC526E04A97}.Release|Any CPU.ActiveCfg = Release|Any CPU
		{F57A64D7-1788-4F08-B2A1-1EC526E04A97}.Release|Any CPU.Build.0 = Release|Any CPU
		{4BE6D02E-227B-4F65-A2F2-50348BFB74EB}.Debug|Any CPU.ActiveCfg = Debug|Any CPU
		{4BE6D02E-227B-4F65-A2F2-50348BFB74EB}.Debug|Any CPU.Build.0 = Debug|Any CPU
		{4BE6D02E-227B-4F65-A2F2-50348BFB74EB}.Release|Any CPU.ActiveCfg = Release|Any CPU
		{4BE6D02E-227B-4F65-A2F2-50348BFB74EB}.Release|Any CPU.Build.0 = Release|Any CPU
		{8E4CDE87-3D48-4198-8F8F-8D97E7B4E94C}.Debug|Any CPU.ActiveCfg = Debug|Any CPU
		{8E4CDE87-3D48-4198-8F8F-8D97E7B4E94C}.Debug|Any CPU.Build.0 = Debug|Any CPU
		{8E4CDE87-3D48-4198-8F8F-8D97E7B4E94C}.Release|Any CPU.ActiveCfg = Release|Any CPU
		{8E4CDE87-3D48-4198-8F8F-8D97E7B4E94C}.Release|Any CPU.Build.0 = Release|Any CPU
		{E86530DA-FCDF-495C-B4C3-259A3144EC7E}.Debug|Any CPU.ActiveCfg = Debug|Any CPU
		{E86530DA-FCDF-495C-B4C3-259A3144EC7E}.Debug|Any CPU.Build.0 = Debug|Any CPU
		{E86530DA-FCDF-495C-B4C3-259A3144EC7E}.Release|Any CPU.ActiveCfg = Release|Any CPU
		{E86530DA-FCDF-495C-B4C3-259A3144EC7E}.Release|Any CPU.Build.0 = Release|Any CPU
		{3C64B420-3A33-4C76-A190-18FE4B9365B7}.Debug|Any CPU.ActiveCfg = Debug|Any CPU
		{3C64B420-3A33-4C76-A190-18FE4B9365B7}.Debug|Any CPU.Build.0 = Debug|Any CPU
		{3C64B420-3A33-4C76-A190-18FE4B9365B7}.Release|Any CPU.ActiveCfg = Release|Any CPU
		{3C64B420-3A33-4C76-A190-18FE4B9365B7}.Release|Any CPU.Build.0 = Release|Any CPU
		{7B2626CD-A079-45A2-870F-4DCA670046EA}.Debug|Any CPU.ActiveCfg = Debug|Any CPU
		{7B2626CD-A079-45A2-870F-4DCA670046EA}.Debug|Any CPU.Build.0 = Debug|Any CPU
		{7B2626CD-A079-45A2-870F-4DCA670046EA}.Release|Any CPU.ActiveCfg = Release|Any CPU
		{7B2626CD-A079-45A2-870F-4DCA670046EA}.Release|Any CPU.Build.0 = Release|Any CPU
		{332D83D2-2922-40F9-AC25-CA74644688E8}.Debug|Any CPU.ActiveCfg = Debug|Any CPU
		{332D83D2-2922-40F9-AC25-CA74644688E8}.Debug|Any CPU.Build.0 = Debug|Any CPU
		{332D83D2-2922-40F9-AC25-CA74644688E8}.Release|Any CPU.ActiveCfg = Release|Any CPU
		{332D83D2-2922-40F9-AC25-CA74644688E8}.Release|Any CPU.Build.0 = Release|Any CPU
	EndGlobalSection
	GlobalSection(SolutionProperties) = preSolution
		HideSolutionNode = FALSE
	EndGlobalSection
EndGlobal
